// !$*UTF8*$!
{
	archiveVersion = 1;
	classes = {
	};
	objectVersion = 46;
	objects = {

/* Begin PBXBuildFile section */
		E6F8F4281EB0355C00D02910 /* AppDelegate.swift in Sources */ = {isa = PBXBuildFile; fileRef = E6F8F4271EB0355C00D02910 /* AppDelegate.swift */; };
		E6F8F42A1EB0355C00D02910 /* ViewController.swift in Sources */ = {isa = PBXBuildFile; fileRef = E6F8F4291EB0355C00D02910 /* ViewController.swift */; };
		E6F8F42D1EB0355C00D02910 /* Main.storyboard in Resources */ = {isa = PBXBuildFile; fileRef = E6F8F42B1EB0355C00D02910 /* Main.storyboard */; };
		E6F8F42F1EB0355C00D02910 /* Assets.xcassets in Resources */ = {isa = PBXBuildFile; fileRef = E6F8F42E1EB0355C00D02910 /* Assets.xcassets */; };
		E6F8F4321EB0355C00D02910 /* LaunchScreen.storyboard in Resources */ = {isa = PBXBuildFile; fileRef = E6F8F4301EB0355C00D02910 /* LaunchScreen.storyboard */; };
/* End PBXBuildFile section */

/* Begin PBXFileReference section */
		E6F8F4241EB0355C00D02910 /* cuatrobotones.app */ = {isa = PBXFileReference; explicitFileType = wrapper.application; includeInIndex = 0; path = cuatrobotones.app; sourceTree = BUILT_PRODUCTS_DIR; };
		E6F8F4271EB0355C00D02910 /* AppDelegate.swift */ = {isa = PBXFileReference; lastKnownFileType = sourcecode.swift; path = AppDelegate.swift; sourceTree = "<group>"; };
		E6F8F4291EB0355C00D02910 /* ViewController.swift */ = {isa = PBXFileReference; lastKnownFileType = sourcecode.swift; path = ViewController.swift; sourceTree = "<group>"; };
		E6F8F42C1EB0355C00D02910 /* Base */ = {isa = PBXFileReference; lastKnownFileType = file.storyboard; name = Base; path = Base.lproj/Main.storyboard; sourceTree = "<group>"; };
		E6F8F42E1EB0355C00D02910 /* Assets.xcassets */ = {isa = PBXFileReference; lastKnownFileType = folder.assetcatalog; path = Assets.xcassets; sourceTree = "<group>"; };
		E6F8F4311EB0355C00D02910 /* Base */ = {isa = PBXFileReference; lastKnownFileType = file.storyboard; name = Base; path = Base.lproj/LaunchScreen.storyboard; sourceTree = "<group>"; };
		E6F8F4331EB0355C00D02910 /* Info.plist */ = {isa = PBXFileReference; lastKnownFileType = text.plist.xml; path = Info.plist; sourceTree = "<group>"; };
/* End PBXFileReference section */

/* Begin PBXFrameworksBuildPhase section */
		E6F8F4211EB0355C00D02910 /* Frameworks */ = {
			isa = PBXFrameworksBuildPhase;
			buildActionMask = 2147483647;
			files = (
			);
			runOnlyForDeploymentPostprocessing = 0;
		};
/* End PBXFrameworksBuildPhase section */

/* Begin PBXGroup section */
		E6F8F41B1EB0355C00D02910 = {
			isa = PBXGroup;
			children = (
				E6F8F4261EB0355C00D02910 /* cuatrobotones */,
				E6F8F4251EB0355C00D02910 /* Products */,
			);
			sourceTree = "<group>";
		};
		E6F8F4251EB0355C00D02910 /* Products */ = {
			isa = PBXGroup;
			children = (
				E6F8F4241EB0355C00D02910 /* cuatrobotones.app */,
			);
			name = Products;
			sourceTree = "<group>";
		};
		E6F8F4261EB0355C00D02910 /* cuatrobotones */ = {
			isa = PBXGroup;
			children = (
				E6F8F4271EB0355C00D02910 /* AppDelegate.swift */,
				E6F8F4291EB0355C00D02910 /* ViewController.swift */,
				E6F8F42B1EB0355C00D02910 /* Main.storyboard */,
				E6F8F42E1EB0355C00D02910 /* Assets.xcassets */,
				E6F8F4301EB0355C00D02910 /* LaunchScreen.storyboard */,
				E6F8F4331EB0355C00D02910 /* Info.plist */,
			);
			path = cuatrobotones;
			sourceTree = "<group>";
		};
/* End PBXGroup section */

/* Begin PBXNativeTarget section */
		E6F8F4231EB0355C00D02910 /* cuatrobotones */ = {
			isa = PBXNativeTarget;
			buildConfigurationList = E6F8F4361EB0355C00D02910 /* Build configuration list for PBXNativeTarget "cuatrobotones" */;
			buildPhases = (
				E6F8F4201EB0355C00D02910 /* Sources */,
				E6F8F4211EB0355C00D02910 /* Frameworks */,
				E6F8F4221EB0355C00D02910 /* Resources */,
			);
			buildRules = (
			);
			dependencies = (
			);
			name = cuatrobotones;
			productName = cuatrobotones;
			productReference = E6F8F4241EB0355C00D02910 /* cuatrobotones.app */;
			productType = "com.apple.product-type.application";
		};
/* End PBXNativeTarget section */

/* Begin PBXProject section */
		E6F8F41C1EB0355C00D02910 /* Project object */ = {
			isa = PBXProject;
			attributes = {
				LastSwiftUpdateCheck = 0730;
				LastUpgradeCheck = 0730;
				ORGANIZATIONNAME = NextU;
				TargetAttributes = {
					E6F8F4231EB0355C00D02910 = {
						CreatedOnToolsVersion = 7.3.1;
					};
				};
			};
			buildConfigurationList = E6F8F41F1EB0355C00D02910 /* Build configuration list for PBXProject "cuatrobotones" */;
			compatibilityVersion = "Xcode 3.2";
			developmentRegion = English;
			hasScannedForEncodings = 0;
			knownRegions = (
				en,
				Base,
			);
			mainGroup = E6F8F41B1EB0355C00D02910;
			productRefGroup = E6F8F4251EB0355C00D02910 /* Products */;
			projectDirPath = "";
			projectRoot = "";
			targets = (
				E6F8F4231EB0355C00D02910 /* cuatrobotones */,
			);
		};
/* End PBXProject section */

/* Begin PBXResourcesBuildPhase section */
		E6F8F4221EB0355C00D02910 /* Resources */ = {
			isa = PBXResourcesBuildPhase;
			buildActionMask = 2147483647;
			files = (
				E6F8F4321EB0355C00D02910 /* LaunchScreen.storyboard in Resources */,
				E6F8F42F1EB0355C00D02910 /* Assets.xcassets in Resources */,
				E6F8F42D1EB0355C00D02910 /* Main.storyboard in Resources */,
			);
			runOnlyForDeploymentPostprocessing = 0;
		};
/* End PBXResourcesBuildPhase section */

/* Begin PBXSourcesBuildPhase section */
		E6F8F4201EB0355C00D02910 /* Sources */ = {
			isa = PBXSourcesBuildPhase;
			buildActionMask = 2147483647;
			files = (
				E6F8F42A1EB0355C00D02910 /* ViewController.swift in Sources */,
				E6F8F4281EB0355C00D02910 /* AppDelegate.swift in Sources */,
			);
			runOnlyForDeploymentPostprocessing = 0;
		};
/* End PBXSourcesBuildPhase section */

/* Begin PBXVariantGroup section */
		E6F8F42B1EB0355C00D02910 /* Main.storyboard */ = {
			isa = PBXVariantGroup;
			children = (
				E6F8F42C1EB0355C00D02910 /* Base */,
			);
			name = Main.storyboard;
			sourceTree = "<group>";
		};
		E6F8F4301EB0355C00D02910 /* LaunchScreen.storyboard */ = {
			isa = PBXVariantGroup;
			children = (
				E6F8F4311EB0355C00D02910 /* Base */,
			);
			name = LaunchScreen.storyboard;
			sourceTree = "<group>";
		};
/* End PBXVariantGroup section */

/* Begin XCBuildConfiguration section */
		E6F8F4341EB0355C00D02910 /* Debug */ = {
			isa = XCBuildConfiguration;
			buildSettings = {
				ALWAYS_SEARCH_USER_PATHS = NO;
				CLANG_ANALYZER_NONNULL = YES;
				CLANG_CXX_LANGUAGE_STANDARD = "gnu++0x";
				CLANG_CXX_LIBRARY = "libc++";
				CLANG_ENABLE_MODULES = YES;
				CLANG_ENABLE_OBJC_ARC = YES;
				CLANG_WARN_BOOL_CONVERSION = YES;
				CLANG_WARN_CONSTANT_CONVERSION = YES;
				CLANG_WARN_DIRECT_OBJC_ISA_USAGE = YES_ERROR;
				CLANG_WARN_EMPTY_BODY = YES;
				CLANG_WARN_ENUM_CONVERSION = YES;
				CLANG_WARN_INT_CONVERSION = YES;
				CLANG_WARN_OBJC_ROOT_CLASS = YES_ERROR;
				CLANG_WARN_UNREACHABLE_CODE = YES;
				CLANG_WARN__DUPLICATE_METHOD_MATCH = YES;
				"CODE_SIGN_IDENTITY[sdk=iphoneos*]" = "iPhone Developer";
				COPY_PHASE_STRIP = NO;
				DEBUG_INFORMATION_FORMAT = dwarf;
				ENABLE_STRICT_OBJC_MSGSEND = YES;
				ENABLE_TESTABILITY = YES;
				GCC_C_LANGUAGE_STANDARD = gnu99;
				GCC_DYNAMIC_NO_PIC = NO;
				GCC_NO_COMMON_BLOCKS = YES;
				GCC_OPTIMIZATION_LEVEL = 0;
				GCC_PREPROCESSOR_DEFINITIONS = (
					"DEBUG=1",
					"$(inherited)",
				);
				GCC_WARN_64_TO_32_BIT_CONVERSION = YES;
				GCC_WARN_ABOUT_RETURN_TYPE = YES_ERROR;
				GCC_WARN_UNDECLARED_SELECTOR = YES;
				GCC_WARN_UNINITIALIZED_AUTOS = YES_AGGRESSIVE;
				GCC_WARN_UNUSED_FUNCTION = YES;
				GCC_WARN_UNUSED_VARIABLE = YES;
				IPHONEOS_DEPLOYMENT_TARGET = 9.3;
				MTL_ENABLE_DEBUG_INFO = YES;
				ONLY_ACTIVE_ARCH = YES;
				SDKROOT = iphoneos;
				SWIFT_OPTIMIZATION_LEVEL = "-Onone";
			};
			name = Debug;
		};
		E6F8F4351EB0355C00D02910 /* Release */ = {
			isa = XCBuildConfiguration;
			buildSettings = {
				ALWAYS_SEARCH_USER_PATHS = NO;
				CLANG_ANALYZER_NONNULL = YES;
				CLANG_CXX_LANGUAGE_STANDARD = "gnu++0x";
				CLANG_CXX_LIBRARY = "libc++";
				CLANG_ENABLE_MODULES = YES;
				CLANG_ENABLE_OBJC_ARC = YES;
				CLANG_WARN_BOOL_CONVERSION = YES;
				CLANG_WARN_CONSTANT_CONVERSION = YES;
				CLANG_WARN_DIRECT_OBJC_ISA_USAGE = YES_ERROR;
				CLANG_WARN_EMPTY_BODY = YES;
				CLANG_WARN_ENUM_CONVERSION = YES;
				CLANG_WARN_INT_CONVERSION = YES;
				CLANG_WARN_OBJC_ROOT_CLASS = YES_ERROR;
				CLANG_WARN_UNREACHABLE_CODE = YES;
				CLANG_WARN__DUPLICATE_METHOD_MATCH = YES;
				"CODE_SIGN_IDENTITY[sdk=iphoneos*]" = "iPhone Developer";
				COPY_PHASE_STRIP = NO;
				DEBUG_INFORMATION_FORMAT = "dwarf-with-dsym";
				ENABLE_NS_ASSERTIONS = NO;
				ENABLE_STRICT_OBJC_MSGSEND = YES;
				GCC_C_LANGUAGE_STANDARD = gnu99;
				GCC_NO_COMMON_BLOCKS = YES;
				GCC_WARN_64_TO_32_BIT_CONVERSION = YES;
				GCC_WARN_ABOUT_RETURN_TYPE = YES_ERROR;
				GCC_WARN_UNDECLARED_SELECTOR = YES;
				GCC_WARN_UNINITIALIZED_AUTOS = YES_AGGRESSIVE;
				GCC_WARN_UNUSED_FUNCTION = YES;
				GCC_WARN_UNUSED_VARIABLE = YES;
				IPHONEOS_DEPLOYMENT_TARGET = 9.3;
				MTL_ENABLE_DEBUG_INFO = NO;
				SDKROOT = iphoneos;
				VALIDATE_PRODUCT = YES;
			};
			name = Release;
		};
		E6F8F4371EB0355C00D02910 /* Debug */ = {
			isa = XCBuildConfiguration;
			buildSettings = {
				ASSETCATALOG_COMPILER_APPICON_NAME = AppIcon;
				CODE_SIGN_IDENTITY = "iPhone Developer";
				INFOPLIST_FILE = cuatrobotones/Info.plist;
				IPHONEOS_DEPLOYMENT_TARGET = 8.4;
				LD_RUNPATH_SEARCH_PATHS = "$(inherited) @executable_path/Frameworks";
				PRODUCT_BUNDLE_IDENTIFIER = com.nextu.iosdeveloper.cuatrobotones;
				PRODUCT_NAME = "$(TARGET_NAME)";
			};
			name = Debug;
		};
		E6F8F4381EB0355C00D02910 /* Release */ = {
			isa = XCBuildConfiguration;
			buildSettings = {
				ASSETCATALOG_COMPILER_APPICON_NAME = AppIcon;
				CODE_SIGN_IDENTITY = "iPhone Developer";
				INFOPLIST_FILE = cuatrobotones/Info.plist;
				IPHONEOS_DEPLOYMENT_TARGET = 8.4;
				LD_RUNPATH_SEARCH_PATHS = "$(inherited) @executable_path/Frameworks";
				PRODUCT_BUNDLE_IDENTIFIER = com.nextu.iosdeveloper.cuatrobotones;
				PRODUCT_NAME = "$(TARGET_NAME)";
			};
			name = Release;
		};
/* End XCBuildConfiguration section */

/* Begin XCConfigurationList section */
		E6F8F41F1EB0355C00D02910 /* Build configuration list for PBXProject "cuatrobotones" */ = {
			isa = XCConfigurationList;
			buildConfigurations = (
				E6F8F4341EB0355C00D02910 /* Debug */,
				E6F8F4351EB0355C00D02910 /* Release */,
			);
			defaultConfigurationIsVisible = 0;
			defaultConfigurationName = Release;
		};
		E6F8F4361EB0355C00D02910 /* Build configuration list for PBXNativeTarget "cuatrobotones" */ = {
			isa = XCConfigurationList;
			buildConfigurations = (
				E6F8F4371EB0355C00D02910 /* Debug */,
				E6F8F4381EB0355C00D02910 /* Release */,
			);
			defaultConfigurationIsVisible = 0;
			defaultConfigurationName = Release;
		};
/* End XCConfigurationList section */
	};
	rootObject = E6F8F41C1EB0355C00D02910 /* Project object */;
}
